<?xml version="1.0" encoding="utf-8"?>
<Project ToolsVersion="4.0" xmlns="http://schemas.microsoft.com/developer/msbuild/2003">
  <ItemGroup>
    <ClCompile Include="..\src\Accessories.cpp" />
    <ClCompile Include="..\src\CurrentMonitor.cpp" />
    <ClCompile Include="..\src\DCCpp.cpp" />
    <ClCompile Include="..\src\EEStore.cpp" />
    <ClCompile Include="..\src\Outputs.cpp" />
    <ClCompile Include="..\src\PacketRegister.cpp" />
    <ClCompile Include="..\src\Sensor.cpp" />
    <ClCompile Include="InoProject.cpp" />
    <ClCompile Include="..\..\Commanders\src\ButtonsCommander.cpp">
      <Filter>Commanders</Filter>
    </ClCompile>
    <ClCompile Include="..\..\Commanders\src\ButtonsCommanderAnalogPushes.cpp">
      <Filter>Commanders</Filter>
    </ClCompile>
    <ClCompile Include="..\..\Commanders\src\ButtonsCommanderAnalogPushesItem.cpp">
      <Filter>Commanders</Filter>
    </ClCompile>
    <ClCompile Include="..\..\Commanders\src\ButtonsCommanderButton.cpp">
      <Filter>Commanders</Filter>
    </ClCompile>
    <ClCompile Include="..\..\Commanders\src\ButtonsCommanderEncoder.cpp">
      <Filter>Commanders</Filter>
    </ClCompile>
    <ClCompile Include="..\..\Commanders\src\ButtonsCommanderPotentiometer.cpp">
      <Filter>Commanders</Filter>
    </ClCompile>
    <ClCompile Include="..\..\Commanders\src\ButtonsCommanderPush.cpp">
      <Filter>Commanders</Filter>
    </ClCompile>
    <ClCompile Include="..\..\Commanders\src\ButtonsCommanderSwitch.cpp">
      <Filter>Commanders</Filter>
    </ClCompile>
    <ClCompile Include="..\..\Commanders\src\ButtonsCommanderSwitchOnePin.cpp">
      <Filter>Commanders</Filter>
    </ClCompile>
    <ClCompile Include="..\..\Commanders\src\ButtonsCommanderSwitchTwoPins.cpp">
      <Filter>Commanders</Filter>
    </ClCompile>
    <ClCompile Include="..\..\Commanders\src\CANCommander.cpp">
      <Filter>Commanders</Filter>
    </ClCompile>
    <ClCompile Include="..\..\Commanders\src\Commander.cpp">
      <Filter>Commanders</Filter>
    </ClCompile>
    <ClCompile Include="..\..\Commanders\src\Commanders.cpp">
      <Filter>Commanders</Filter>
    </ClCompile>
    <ClCompile Include="..\..\Commanders\src\DccCommander.cpp">
      <Filter>Commanders</Filter>
    </ClCompile>
    <ClCompile Include="..\..\Commanders\src\EventStack.cpp">
      <Filter>Commanders</Filter>
    </ClCompile>
    <ClCompile Include="..\..\Commanders\src\I2CCommander.cpp">
      <Filter>Commanders</Filter>
    </ClCompile>
    <ClCompile Include="..\..\Commanders\src\TextInterpreter.cpp">
      <Filter>Commanders</Filter>
    </ClCompile>
    <ClCompile Include="..\src\TextCommand.cpp" />
  </ItemGroup>
  <ItemGroup>
    <ClInclude Include="..\src\Accessories.h" />
    <ClInclude Include="..\src\Comm.h" />
    <ClInclude Include="..\src\Config.h" />
    <ClInclude Include="..\src\CurrentMonitor.h" />
    <ClInclude Include="..\src\DCCpp.h" />
    <ClInclude Include="..\src\DCCpp.hpp" />
    <ClInclude Include="..\src\DCCpp_Uno.h" />
    <ClInclude Include="..\src\EEStore.h" />
    <ClInclude Include="..\src\Outputs.h" />
    <ClInclude Include="..\src\PacketRegister.h" />
    <ClInclude Include="..\src\Sensor.h" />
    <ClInclude Include="InoProject.h" />
    <ClInclude Include="..\..\Commanders\src\ButtonsCommander.hpp">
      <Filter>Commanders</Filter>
    </ClInclude>
    <ClInclude Include="..\..\Commanders\src\ButtonsCommanderAnalogPushes.hpp">
      <Filter>Commanders</Filter>
    </ClInclude>
    <ClInclude Include="..\..\Commanders\src\ButtonsCommanderAnalogPushesItem.hpp">
      <Filter>Commanders</Filter>
    </ClInclude>
    <ClInclude Include="..\..\Commanders\src\ButtonsCommanderButton.hpp">
      <Filter>Commanders</Filter>
    </ClInclude>
    <ClInclude Include="..\..\Commanders\src\ButtonsCommanderEncoder.hpp">
      <Filter>Commanders</Filter>
    </ClInclude>
    <ClInclude Include="..\..\Commanders\src\ButtonsCommanderPotentiometer.hpp">
      <Filter>Commanders</Filter>
    </ClInclude>
    <ClInclude Include="..\..\Commanders\src\ButtonsCommanderPush.hpp">
      <Filter>Commanders</Filter>
    </ClInclude>
    <ClInclude Include="..\..\Commanders\src\ButtonsCommanderSwitch.hpp">
      <Filter>Commanders</Filter>
    </ClInclude>
    <ClInclude Include="..\..\Commanders\src\ButtonsCommanderSwitchOnePin.hpp">
      <Filter>Commanders</Filter>
    </ClInclude>
    <ClInclude Include="..\..\Commanders\src\ButtonsCommanderSwitchTwoPins.hpp">
      <Filter>Commanders</Filter>
    </ClInclude>
    <ClInclude Include="..\..\Commanders\src\CANCommander.hpp">
      <Filter>Commanders</Filter>
    </ClInclude>
    <ClInclude Include="..\..\Commanders\src\Chain.hpp">
      <Filter>Commanders</Filter>
    </ClInclude>
    <ClInclude Include="..\..\Commanders\src\Commander.hpp">
      <Filter>Commanders</Filter>
    </ClInclude>
    <ClInclude Include="..\..\Commanders\src\Commanders.h">
      <Filter>Commanders</Filter>
    </ClInclude>
    <ClInclude Include="..\..\Commanders\src\Commanders.hpp">
      <Filter>Commanders</Filter>
    </ClInclude>
    <ClInclude Include="..\..\Commanders\src\DccCommander.hpp">
      <Filter>Commanders</Filter>
    </ClInclude>
    <ClInclude Include="..\..\Commanders\src\Events.h">
      <Filter>Commanders</Filter>
    </ClInclude>
    <ClInclude Include="..\..\Commanders\src\EventStack.hpp">
      <Filter>Commanders</Filter>
    </ClInclude>
    <ClInclude Include="..\..\Commanders\src\I2CCommander.hpp">
      <Filter>Commanders</Filter>
    </ClInclude>
    <ClInclude Include="..\..\Commanders\src\SerialCommander.hpp">
      <Filter>Commanders</Filter>
    </ClInclude>
    <ClInclude Include="..\..\Commanders\src\TextInterpreter.hpp">
      <Filter>Commanders</Filter>
    </ClInclude>
    <ClInclude Include="..\src\TextCommand.h" />
  </ItemGroup>
  <ItemGroup>
    <None Include="TestExe.ino" />
  </ItemGroup>
  <ItemGroup>
    <Filter Include="Commanders">
      <UniqueIdentifier>{e6050767-5d2b-4548-a2a7-3ec03b208cf1}</UniqueIdentifier>
    </Filter>
  </ItemGroup>
</Project>